// !$*UTF8*$!
{
	archiveVersion = 1;
	classes = {
	};
	objectVersion = 46;
	objects = {

/* Begin PBXBuildFile section */
		8C17D6121DA3C306001343D4 /* CHRSSNNumberMask.m in Sources */ = {isa = PBXBuildFile; fileRef = 8C17D6111DA3C306001343D4 /* CHRSSNNumberMask.m */; };
		8CDB4C7E1D9ED62C00A50FE4 /* main.m in Sources */ = {isa = PBXBuildFile; fileRef = 8CDB4C7D1D9ED62C00A50FE4 /* main.m */; };
		8CDB4C811D9ED62C00A50FE4 /* AppDelegate.m in Sources */ = {isa = PBXBuildFile; fileRef = 8CDB4C801D9ED62C00A50FE4 /* AppDelegate.m */; };
		8CDB4C841D9ED62C00A50FE4 /* ViewController.m in Sources */ = {isa = PBXBuildFile; fileRef = 8CDB4C831D9ED62C00A50FE4 /* ViewController.m */; };
		8CDB4C871D9ED62C00A50FE4 /* Main.storyboard in Resources */ = {isa = PBXBuildFile; fileRef = 8CDB4C851D9ED62C00A50FE4 /* Main.storyboard */; };
		8CDB4C891D9ED62C00A50FE4 /* Assets.xcassets in Resources */ = {isa = PBXBuildFile; fileRef = 8CDB4C881D9ED62C00A50FE4 /* Assets.xcassets */; };
		8CDB4C8C1D9ED62C00A50FE4 /* LaunchScreen.storyboard in Resources */ = {isa = PBXBuildFile; fileRef = 8CDB4C8A1D9ED62C00A50FE4 /* LaunchScreen.storyboard */; };
		8CDB4CD71D9ED89A00A50FE4 /* CHRCardNumberMask.m in Sources */ = {isa = PBXBuildFile; fileRef = 8CDB4C981D9ED89A00A50FE4 /* CHRCardNumberMask.m */; };
		8CDB4CD81D9ED89A00A50FE4 /* CHRPhoneNumberMask.m in Sources */ = {isa = PBXBuildFile; fileRef = 8CDB4C9A1D9ED89A00A50FE4 /* CHRPhoneNumberMask.m */; };
		8CDB4CD91D9ED89A00A50FE4 /* CHRTextFieldFormatter.m in Sources */ = {isa = PBXBuildFile; fileRef = 8CDB4C9C1D9ED89A00A50FE4 /* CHRTextFieldFormatter.m */; };
		8CDB4CF11D9ED89A00A50FE4 /* LICENSE in Resources */ = {isa = PBXBuildFile; fileRef = 8CDB4CD41D9ED89A00A50FE4 /* LICENSE */; };
		8CDB4CFE1D9EE06800A50FE4 /* CHRBusinessEINNumberMask.m in Sources */ = {isa = PBXBuildFile; fileRef = 8CDB4CFD1D9EE06800A50FE4 /* CHRBusinessEINNumberMask.m */; };
/* End PBXBuildFile section */

/* Begin PBXFileReference section */
		8C17D6101DA3C305001343D4 /* CHRSSNNumberMask.h */ = {isa = PBXFileReference; fileEncoding = 4; lastKnownFileType = sourcecode.c.h; path = CHRSSNNumberMask.h; sourceTree = "<group>"; };
		8C17D6111DA3C306001343D4 /* CHRSSNNumberMask.m */ = {isa = PBXFileReference; fileEncoding = 4; lastKnownFileType = sourcecode.c.objc; path = CHRSSNNumberMask.m; sourceTree = "<group>"; };
		8CDB4C791D9ED62C00A50FE4 /* CHRTextFieldFormatterTest.app */ = {isa = PBXFileReference; explicitFileType = wrapper.application; includeInIndex = 0; path = CHRTextFieldFormatterTest.app; sourceTree = BUILT_PRODUCTS_DIR; };
		8CDB4C7D1D9ED62C00A50FE4 /* main.m */ = {isa = PBXFileReference; lastKnownFileType = sourcecode.c.objc; path = main.m; sourceTree = "<group>"; };
		8CDB4C7F1D9ED62C00A50FE4 /* AppDelegate.h */ = {isa = PBXFileReference; lastKnownFileType = sourcecode.c.h; path = AppDelegate.h; sourceTree = "<group>"; };
		8CDB4C801D9ED62C00A50FE4 /* AppDelegate.m */ = {isa = PBXFileReference; lastKnownFileType = sourcecode.c.objc; path = AppDelegate.m; sourceTree = "<group>"; };
		8CDB4C821D9ED62C00A50FE4 /* ViewController.h */ = {isa = PBXFileReference; lastKnownFileType = sourcecode.c.h; path = ViewController.h; sourceTree = "<group>"; };
		8CDB4C831D9ED62C00A50FE4 /* ViewController.m */ = {isa = PBXFileReference; lastKnownFileType = sourcecode.c.objc; path = ViewController.m; sourceTree = "<group>"; };
		8CDB4C861D9ED62C00A50FE4 /* Base */ = {isa = PBXFileReference; lastKnownFileType = file.storyboard; name = Base; path = Base.lproj/Main.storyboard; sourceTree = "<group>"; };
		8CDB4C881D9ED62C00A50FE4 /* Assets.xcassets */ = {isa = PBXFileReference; lastKnownFileType = folder.assetcatalog; path = Assets.xcassets; sourceTree = "<group>"; };
		8CDB4C8B1D9ED62C00A50FE4 /* Base */ = {isa = PBXFileReference; lastKnownFileType = file.storyboard; name = Base; path = Base.lproj/LaunchScreen.storyboard; sourceTree = "<group>"; };
		8CDB4C8D1D9ED62D00A50FE4 /* Info.plist */ = {isa = PBXFileReference; lastKnownFileType = text.plist.xml; path = Info.plist; sourceTree = "<group>"; };
		8CDB4C971D9ED89A00A50FE4 /* CHRCardNumberMask.h */ = {isa = PBXFileReference; fileEncoding = 4; lastKnownFileType = sourcecode.c.h; path = CHRCardNumberMask.h; sourceTree = "<group>"; };
		8CDB4C981D9ED89A00A50FE4 /* CHRCardNumberMask.m */ = {isa = PBXFileReference; fileEncoding = 4; lastKnownFileType = sourcecode.c.objc; path = CHRCardNumberMask.m; sourceTree = "<group>"; };
		8CDB4C991D9ED89A00A50FE4 /* CHRPhoneNumberMask.h */ = {isa = PBXFileReference; fileEncoding = 4; lastKnownFileType = sourcecode.c.h; path = CHRPhoneNumberMask.h; sourceTree = "<group>"; };
		8CDB4C9A1D9ED89A00A50FE4 /* CHRPhoneNumberMask.m */ = {isa = PBXFileReference; fileEncoding = 4; lastKnownFileType = sourcecode.c.objc; path = CHRPhoneNumberMask.m; sourceTree = "<group>"; };
		8CDB4C9B1D9ED89A00A50FE4 /* CHRTextFieldFormatter.h */ = {isa = PBXFileReference; fileEncoding = 4; lastKnownFileType = sourcecode.c.h; path = CHRTextFieldFormatter.h; sourceTree = "<group>"; };
		8CDB4C9C1D9ED89A00A50FE4 /* CHRTextFieldFormatter.m */ = {isa = PBXFileReference; fileEncoding = 4; lastKnownFileType = sourcecode.c.objc; path = CHRTextFieldFormatter.m; sourceTree = "<group>"; };
		8CDB4C9D1D9ED89A00A50FE4 /* CHRTextMask.h */ = {isa = PBXFileReference; fileEncoding = 4; lastKnownFileType = sourcecode.c.h; path = CHRTextMask.h; sourceTree = "<group>"; };
		8CDB4CD41D9ED89A00A50FE4 /* LICENSE */ = {isa = PBXFileReference; fileEncoding = 4; lastKnownFileType = text; path = LICENSE; sourceTree = "<group>"; };
		8CDB4CD51D9ED89A00A50FE4 /* README.md */ = {isa = PBXFileReference; fileEncoding = 4; lastKnownFileType = net.daringfireball.markdown; path = README.md; sourceTree = "<group>"; };
		8CDB4CFC1D9EE06800A50FE4 /* CHRBusinessEINNumberMask.h */ = {isa = PBXFileReference; fileEncoding = 4; lastKnownFileType = sourcecode.c.h; path = CHRBusinessEINNumberMask.h; sourceTree = "<group>"; };
		8CDB4CFD1D9EE06800A50FE4 /* CHRBusinessEINNumberMask.m */ = {isa = PBXFileReference; fileEncoding = 4; lastKnownFileType = sourcecode.c.objc; path = CHRBusinessEINNumberMask.m; sourceTree = "<group>"; };
/* End PBXFileReference section */

/* Begin PBXFrameworksBuildPhase section */
		8CDB4C761D9ED62C00A50FE4 /* Frameworks */ = {
			isa = PBXFrameworksBuildPhase;
			buildActionMask = 2147483647;
			files = (
			);
			runOnlyForDeploymentPostprocessing = 0;
		};
/* End PBXFrameworksBuildPhase section */

/* Begin PBXGroup section */
		8CDB4C701D9ED62C00A50FE4 = {
			isa = PBXGroup;
			children = (
				8CDB4C931D9ED89A00A50FE4 /* Frameworks */,
				8CDB4C7B1D9ED62C00A50FE4 /* CHRTextFieldFormatterTest */,
				8CDB4C7A1D9ED62C00A50FE4 /* Products */,
			);
			sourceTree = "<group>";
		};
		8CDB4C7A1D9ED62C00A50FE4 /* Products */ = {
			isa = PBXGroup;
			children = (
				8CDB4C791D9ED62C00A50FE4 /* CHRTextFieldFormatterTest.app */,
			);
			name = Products;
			sourceTree = "<group>";
		};
		8CDB4C7B1D9ED62C00A50FE4 /* CHRTextFieldFormatterTest */ = {
			isa = PBXGroup;
			children = (
				8CDB4C7F1D9ED62C00A50FE4 /* AppDelegate.h */,
				8CDB4C801D9ED62C00A50FE4 /* AppDelegate.m */,
				8CDB4C821D9ED62C00A50FE4 /* ViewController.h */,
				8CDB4C831D9ED62C00A50FE4 /* ViewController.m */,
				8CDB4C851D9ED62C00A50FE4 /* Main.storyboard */,
				8CDB4C881D9ED62C00A50FE4 /* Assets.xcassets */,
				8CDB4C8A1D9ED62C00A50FE4 /* LaunchScreen.storyboard */,
				8CDB4C8D1D9ED62D00A50FE4 /* Info.plist */,
				8CDB4C7C1D9ED62C00A50FE4 /* Supporting Files */,
			);
			path = CHRTextFieldFormatterTest;
			sourceTree = "<group>";
		};
		8CDB4C7C1D9ED62C00A50FE4 /* Supporting Files */ = {
			isa = PBXGroup;
			children = (
				8CDB4C7D1D9ED62C00A50FE4 /* main.m */,
			);
			name = "Supporting Files";
			sourceTree = "<group>";
		};
		8CDB4C931D9ED89A00A50FE4 /* Frameworks */ = {
			isa = PBXGroup;
			children = (
				8CDB4C941D9ED89A00A50FE4 /* CHRTextFieldFormatter */,
			);
			path = Frameworks;
			sourceTree = "<group>";
		};
		8CDB4C941D9ED89A00A50FE4 /* CHRTextFieldFormatter */ = {
			isa = PBXGroup;
			children = (
				8CDB4C961D9ED89A00A50FE4 /* CHRTextFieldFormatter */,
				8CDB4CD41D9ED89A00A50FE4 /* LICENSE */,
				8CDB4CD51D9ED89A00A50FE4 /* README.md */,
			);
			path = CHRTextFieldFormatter;
			sourceTree = "<group>";
		};
		8CDB4C961D9ED89A00A50FE4 /* CHRTextFieldFormatter */ = {
			isa = PBXGroup;
			children = (
				8CDB4CFC1D9EE06800A50FE4 /* CHRBusinessEINNumberMask.h */,
				8CDB4CFD1D9EE06800A50FE4 /* CHRBusinessEINNumberMask.m */,
				8CDB4C971D9ED89A00A50FE4 /* CHRCardNumberMask.h */,
				8CDB4C981D9ED89A00A50FE4 /* CHRCardNumberMask.m */,
				8CDB4C991D9ED89A00A50FE4 /* CHRPhoneNumberMask.h */,
				8CDB4C9A1D9ED89A00A50FE4 /* CHRPhoneNumberMask.m */,
				8C17D6101DA3C305001343D4 /* CHRSSNNumberMask.h */,
				8C17D6111DA3C306001343D4 /* CHRSSNNumberMask.m */,
				8CDB4C9B1D9ED89A00A50FE4 /* CHRTextFieldFormatter.h */,
				8CDB4C9C1D9ED89A00A50FE4 /* CHRTextFieldFormatter.m */,
				8CDB4C9D1D9ED89A00A50FE4 /* CHRTextMask.h */,
			);
			path = CHRTextFieldFormatter;
			sourceTree = "<group>";
		};
/* End PBXGroup section */

/* Begin PBXNativeTarget section */
		8CDB4C781D9ED62C00A50FE4 /* CHRTextFieldFormatterTest */ = {
			isa = PBXNativeTarget;
			buildConfigurationList = 8CDB4C901D9ED62D00A50FE4 /* Build configuration list for PBXNativeTarget "CHRTextFieldFormatterTest" */;
			buildPhases = (
				8CDB4C751D9ED62C00A50FE4 /* Sources */,
				8CDB4C761D9ED62C00A50FE4 /* Frameworks */,
				8CDB4C771D9ED62C00A50FE4 /* Resources */,
			);
			buildRules = (
			);
			dependencies = (
			);
			name = CHRTextFieldFormatterTest;
			productName = CHRTextFieldFormatterTest;
			productReference = 8CDB4C791D9ED62C00A50FE4 /* CHRTextFieldFormatterTest.app */;
			productType = "com.apple.product-type.application";
		};
/* End PBXNativeTarget section */

/* Begin PBXProject section */
		8CDB4C711D9ED62C00A50FE4 /* Project object */ = {
			isa = PBXProject;
			attributes = {
				LastUpgradeCheck = 0800;
				ORGANIZATIONNAME = "Ricardo Barroso";
				TargetAttributes = {
					8CDB4C781D9ED62C00A50FE4 = {
						CreatedOnToolsVersion = 8.0;
						DevelopmentTeam = 8ZYG4Z5BL5;
						ProvisioningStyle = Automatic;
					};
				};
			};
			buildConfigurationList = 8CDB4C741D9ED62C00A50FE4 /* Build configuration list for PBXProject "CHRTextFieldFormatterTest" */;
			compatibilityVersion = "Xcode 3.2";
			developmentRegion = English;
			hasScannedForEncodings = 0;
			knownRegions = (
				en,
				Base,
			);
			mainGroup = 8CDB4C701D9ED62C00A50FE4;
			productRefGroup = 8CDB4C7A1D9ED62C00A50FE4 /* Products */;
			projectDirPath = "";
			projectRoot = "";
			targets = (
				8CDB4C781D9ED62C00A50FE4 /* CHRTextFieldFormatterTest */,
			);
		};
/* End PBXProject section */

/* Begin PBXResourcesBuildPhase section */
		8CDB4C771D9ED62C00A50FE4 /* Resources */ = {
			isa = PBXResourcesBuildPhase;
			buildActionMask = 2147483647;
			files = (
				8CDB4C8C1D9ED62C00A50FE4 /* LaunchScreen.storyboard in Resources */,
				8CDB4C891D9ED62C00A50FE4 /* Assets.xcassets in Resources */,
				8CDB4C871D9ED62C00A50FE4 /* Main.storyboard in Resources */,
				8CDB4CF11D9ED89A00A50FE4 /* LICENSE in Resources */,
			);
			runOnlyForDeploymentPostprocessing = 0;
		};
/* End PBXResourcesBuildPhase section */

/* Begin PBXSourcesBuildPhase section */
		8CDB4C751D9ED62C00A50FE4 /* Sources */ = {
			isa = PBXSourcesBuildPhase;
			buildActionMask = 2147483647;
			files = (
				8CDB4C841D9ED62C00A50FE4 /* ViewController.m in Sources */,
				8CDB4CD81D9ED89A00A50FE4 /* CHRPhoneNumberMask.m in Sources */,
				8CDB4C811D9ED62C00A50FE4 /* AppDelegate.m in Sources */,
				8C17D6121DA3C306001343D4 /* CHRSSNNumberMask.m in Sources */,
				8CDB4CFE1D9EE06800A50FE4 /* CHRBusinessEINNumberMask.m in Sources */,
				8CDB4CD71D9ED89A00A50FE4 /* CHRCardNumberMask.m in Sources */,
				8CDB4CD91D9ED89A00A50FE4 /* CHRTextFieldFormatter.m in Sources */,
				8CDB4C7E1D9ED62C00A50FE4 /* main.m in Sources */,
			);
			runOnlyForDeploymentPostprocessing = 0;
		};
/* End PBXSourcesBuildPhase section */

/* Begin PBXVariantGroup section */
		8CDB4C851D9ED62C00A50FE4 /* Main.storyboard */ = {
			isa = PBXVariantGroup;
			children = (
				8CDB4C861D9ED62C00A50FE4 /* Base */,
			);
			name = Main.storyboard;
			sourceTree = "<group>";
		};
		8CDB4C8A1D9ED62C00A50FE4 /* LaunchScreen.storyboard */ = {
			isa = PBXVariantGroup;
			children = (
				8CDB4C8B1D9ED62C00A50FE4 /* Base */,
			);
			name = LaunchScreen.storyboard;
			sourceTree = "<group>";
		};
/* End PBXVariantGroup section */

/* Begin XCBuildConfiguration section */
		8CDB4C8E1D9ED62D00A50FE4 /* Debug */ = {
			isa = XCBuildConfiguration;
			buildSettings = {
				ALWAYS_SEARCH_USER_PATHS = NO;
				CLANG_ANALYZER_NONNULL = YES;
				CLANG_CXX_LANGUAGE_STANDARD = "gnu++0x";
				CLANG_CXX_LIBRARY = "libc++";
				CLANG_ENABLE_MODULES = YES;
				CLANG_ENABLE_OBJC_ARC = YES;
				CLANG_WARN_BOOL_CONVERSION = YES;
				CLANG_WARN_CONSTANT_CONVERSION = YES;
				CLANG_WARN_DIRECT_OBJC_ISA_USAGE = YES_ERROR;
				CLANG_WARN_DOCUMENTATION_COMMENTS = YES;
				CLANG_WARN_EMPTY_BODY = YES;
				CLANG_WARN_ENUM_CONVERSION = YES;
				CLANG_WARN_INFINITE_RECURSION = YES;
				CLANG_WARN_INT_CONVERSION = YES;
				CLANG_WARN_OBJC_ROOT_CLASS = YES_ERROR;
				CLANG_WARN_SUSPICIOUS_MOVES = YES;
				CLANG_WARN_UNREACHABLE_CODE = YES;
				CLANG_WARN__DUPLICATE_METHOD_MATCH = YES;
				"CODE_SIGN_IDENTITY[sdk=iphoneos*]" = "iPhone Developer";
				COPY_PHASE_STRIP = NO;
				DEBUG_INFORMATION_FORMAT = dwarf;
				ENABLE_STRICT_OBJC_MSGSEND = YES;
				ENABLE_TESTABILITY = YES;
				GCC_C_LANGUAGE_STANDARD = gnu99;
				GCC_DYNAMIC_NO_PIC = NO;
				GCC_NO_COMMON_BLOCKS = YES;
				GCC_OPTIMIZATION_LEVEL = 0;
				GCC_PREPROCESSOR_DEFINITIONS = (
					"DEBUG=1",
					"$(inherited)",
				);
				GCC_WARN_64_TO_32_BIT_CONVERSION = YES;
				GCC_WARN_ABOUT_RETURN_TYPE = YES_ERROR;
				GCC_WARN_UNDECLARED_SELECTOR = YES;
				GCC_WARN_UNINITIALIZED_AUTOS = YES_AGGRESSIVE;
				GCC_WARN_UNUSED_FUNCTION = YES;
				GCC_WARN_UNUSED_VARIABLE = YES;
				IPHONEOS_DEPLOYMENT_TARGET = 10.0;
				MTL_ENABLE_DEBUG_INFO = YES;
				ONLY_ACTIVE_ARCH = YES;
				SDKROOT = iphoneos;
			};
			name = Debug;
		};
		8CDB4C8F1D9ED62D00A50FE4 /* Release */ = {
			isa = XCBuildConfiguration;
			buildSettings = {
				ALWAYS_SEARCH_USER_PATHS = NO;
				CLANG_ANALYZER_NONNULL = YES;
				CLANG_CXX_LANGUAGE_STANDARD = "gnu++0x";
				CLANG_CXX_LIBRARY = "libc++";
				CLANG_ENABLE_MODULES = YES;
				CLANG_ENABLE_OBJC_ARC = YES;
				CLANG_WARN_BOOL_CONVERSION = YES;
				CLANG_WARN_CONSTANT_CONVERSION = YES;
				CLANG_WARN_DIRECT_OBJC_ISA_USAGE = YES_ERROR;
				CLANG_WARN_DOCUMENTATION_COMMENTS = YES;
				CLANG_WARN_EMPTY_BODY = YES;
				CLANG_WARN_ENUM_CONVERSION = YES;
				CLANG_WARN_INFINITE_RECURSION = YES;
				CLANG_WARN_INT_CONVERSION = YES;
				CLANG_WARN_OBJC_ROOT_CLASS = YES_ERROR;
				CLANG_WARN_SUSPICIOUS_MOVES = YES;
				CLANG_WARN_UNREACHABLE_CODE = YES;
				CLANG_WARN__DUPLICATE_METHOD_MATCH = YES;
				"CODE_SIGN_IDENTITY[sdk=iphoneos*]" = "iPhone Developer";
				COPY_PHASE_STRIP = NO;
				DEBUG_INFORMATION_FORMAT = "dwarf-with-dsym";
				ENABLE_NS_ASSERTIONS = NO;
				ENABLE_STRICT_OBJC_MSGSEND = YES;
				GCC_C_LANGUAGE_STANDARD = gnu99;
				GCC_NO_COMMON_BLOCKS = YES;
				GCC_WARN_64_TO_32_BIT_CONVERSION = YES;
				GCC_WARN_ABOUT_RETURN_TYPE = YES_ERROR;
				GCC_WARN_UNDECLARED_SELECTOR = YES;
				GCC_WARN_UNINITIALIZED_AUTOS = YES_AGGRESSIVE;
				GCC_WARN_UNUSED_FUNCTION = YES;
				GCC_WARN_UNUSED_VARIABLE = YES;
				IPHONEOS_DEPLOYMENT_TARGET = 10.0;
				MTL_ENABLE_DEBUG_INFO = NO;
				SDKROOT = iphoneos;
				VALIDATE_PRODUCT = YES;
			};
			name = Release;
		};
		8CDB4C911D9ED62D00A50FE4 /* Debug */ = {
			isa = XCBuildConfiguration;
			buildSettings = {
				ASSETCATALOG_COMPILER_APPICON_NAME = AppIcon;
				DEVELOPMENT_TEAM = 8ZYG4Z5BL5;
				INFOPLIST_FILE = CHRTextFieldFormatterTest/Info.plist;
				LD_RUNPATH_SEARCH_PATHS = "$(inherited) @executable_path/Frameworks";
				PRODUCT_BUNDLE_IDENTIFIER = pt.subtraction.CHRTextFieldFormatterTest;
				PRODUCT_NAME = "$(TARGET_NAME)";
			};
			name = Debug;
		};
		8CDB4C921D9ED62D00A50FE4 /* Release */ = {
			isa = XCBuildConfiguration;
			buildSettings = {
				ASSETCATALOG_COMPILER_APPICON_NAME = AppIcon;
				DEVELOPMENT_TEAM = 8ZYG4Z5BL5;
				INFOPLIST_FILE = CHRTextFieldFormatterTest/Info.plist;
				LD_RUNPATH_SEARCH_PATHS = "$(inherited) @executable_path/Frameworks";
				PRODUCT_BUNDLE_IDENTIFIER = pt.subtraction.CHRTextFieldFormatterTest;
				PRODUCT_NAME = "$(TARGET_NAME)";
			};
			name = Release;
		};
/* End XCBuildConfiguration section */

/* Begin XCConfigurationList section */
		8CDB4C741D9ED62C00A50FE4 /* Build configuration list for PBXProject "CHRTextFieldFormatterTest" */ = {
			isa = XCConfigurationList;
			buildConfigurations = (
				8CDB4C8E1D9ED62D00A50FE4 /* Debug */,
				8CDB4C8F1D9ED62D00A50FE4 /* Release */,
			);
			defaultConfigurationIsVisible = 0;
			defaultConfigurationName = Release;
		};
		8CDB4C901D9ED62D00A50FE4 /* Build configuration list for PBXNativeTarget "CHRTextFieldFormatterTest" */ = {
			isa = XCConfigurationList;
			buildConfigurations = (
				8CDB4C911D9ED62D00A50FE4 /* Debug */,
				8CDB4C921D9ED62D00A50FE4 /* Release */,
			);
			defaultConfigurationIsVisible = 0;
			defaultConfigurationName = Release;
		};
/* End XCConfigurationList section */
	};
	rootObject = 8CDB4C711D9ED62C00A50FE4 /* Project object */;
}
